
Microsoft Visual Studio Solution File, Format Version 12.00
# Visual Studio Version 16
VisualStudioVersion = 16.0.31624.102
MinimumVisualStudioVersion = 10.0.40219.1
Project("{8BC9CEB8-8B4A-11D0-8D11-00A0C91BC942}") = "Nunez_Midterm_Project", "Nunez_Midterm_Project.vcxproj", "{6AA8B6DA-98B7-4A88-956F-F0F487E18EB8}"
EndProject
Global
	GlobalSection(SolutionConfigurationPlatforms) = preSolution
		Debug|x64 = Debug|x64
		Debug|x86 = Debug|x86
		Release|x64 = Release|x64
		Release|x86 = Release|x86
	EndGlobalSection
	GlobalSection(ProjectConfigurationPlatforms) = postSolution
		{6AA8B6DA-98B7-4A88-956F-F0F487E18EB8}.Debug|x64.ActiveCfg = Debug|x64
		{6AA8B6DA-98B7-4A88-956F-F0F487E18EB8}.Debug|x64.Build.0 = Debug|x64
		{6AA8B6DA-98B7-4A88-956F-F0F487E18EB8}.Debug|x86.ActiveCfg = Debug|Win32
		{6AA8B6DA-98B7-4A88-956F-F0F487E18EB8}.Debug|x86.Build.0 = Debug|Win32
		{6AA8B6DA-98B7-4A88-956F-F0F487E18EB8}.Release|x64.ActiveCfg = Release|x64
		{6AA8B6DA-98B7-4A88-956F-F0F487E18EB8}.Release|x64.Build.0 = Release|x64
		{6AA8B6DA-98B7-4A88-956F-F0F487E18EB8}.Release|x86.ActiveCfg = Release|Win32
		{6AA8B6DA-98B7-4A88-956F-F0F487E18EB8}.Release|x86.Build.0 = Release|Win32
	EndGlobalSection
	GlobalSection(SolutionProperties) = preSolution
		HideSolutionNode = FALSE
	EndGlobalSection
	GlobalSection(ExtensibilityGlobals) = postSolution
		SolutionGuid = {EBA22142-DAA2-459F-8E4A-1332CE6D5D71}
	EndGlobalSection
EndGlobal
